
Microsoft Visual Studio Solution File, Format Version 12.00
# Visual Studio Version 17
VisualStudioVersion = 17.0.31903.59
MinimumVisualStudioVersion = 10.0.40219.1
Project("{FAE04EC0-301F-11D3-BF4B-00C04F79EFBC}") = "Domain", "Domain\Domain.csproj", "{F4C388DC-E32A-428F-B76E-3084A566890F}"
EndProject
Project("{FAE04EC0-301F-11D3-BF4B-00C04F79EFBC}") = "Infrastructure", "Infrastructure\Infrastructure.csproj", "{740FD9BF-93EB-4D25-86DD-E896705EEA81}"
EndProject
Project("{FAE04EC0-301F-11D3-BF4B-00C04F79EFBC}") = "WebApi", "WebApi\WebApi.csproj", "{833BD40C-477E-408E-BFB3-149FCDD100AA}"
EndProject
Global
	GlobalSection(SolutionConfigurationPlatforms) = preSolution
		Debug|Any CPU = Debug|Any CPU
		Release|Any CPU = Release|Any CPU
	EndGlobalSection
	GlobalSection(SolutionProperties) = preSolution
		HideSolutionNode = FALSE
	EndGlobalSection
	GlobalSection(ProjectConfigurationPlatforms) = postSolution
		{F4C388DC-E32A-428F-B76E-3084A566890F}.Debug|Any CPU.ActiveCfg = Debug|Any CPU
		{F4C388DC-E32A-428F-B76E-3084A566890F}.Debug|Any CPU.Build.0 = Debug|Any CPU
		{F4C388DC-E32A-428F-B76E-3084A566890F}.Release|Any CPU.ActiveCfg = Release|Any CPU
		{F4C388DC-E32A-428F-B76E-3084A566890F}.Release|Any CPU.Build.0 = Release|Any CPU
		{740FD9BF-93EB-4D25-86DD-E896705EEA81}.Debug|Any CPU.ActiveCfg = Debug|Any CPU
		{740FD9BF-93EB-4D25-86DD-E896705EEA81}.Debug|Any CPU.Build.0 = Debug|Any CPU
		{740FD9BF-93EB-4D25-86DD-E896705EEA81}.Release|Any CPU.ActiveCfg = Release|Any CPU
		{740FD9BF-93EB-4D25-86DD-E896705EEA81}.Release|Any CPU.Build.0 = Release|Any CPU
		{833BD40C-477E-408E-BFB3-149FCDD100AA}.Debug|Any CPU.ActiveCfg = Debug|Any CPU
		{833BD40C-477E-408E-BFB3-149FCDD100AA}.Debug|Any CPU.Build.0 = Debug|Any CPU
		{833BD40C-477E-408E-BFB3-149FCDD100AA}.Release|Any CPU.ActiveCfg = Release|Any CPU
		{833BD40C-477E-408E-BFB3-149FCDD100AA}.Release|Any CPU.Build.0 = Release|Any CPU
	EndGlobalSection
EndGlobal
